{
  "name": "@circular/cli",
  "version": "0.1.0-alpha.1",
  "lockfileVersion": 3,
  "requires": true,
  "packages": {
    "": {
      "name": "@circular/cli",
      "version": "0.1.0-alpha.1",
      "bundleDependencies": [
        "@circular/authoring",
        "@circular/client",
        "@circular/core",
        "@circular/exports",
        "@circular/generator",
        "@circular/protocol",
        "@circular/specs",
        "typescript"
      ],
      "workspaces": [
        "packages/*"
      ],
      "dependencies": {
        "@circular/authoring": "0.1.0",
        "@circular/client": "0.1.0",
        "@circular/core": "0.1.0",
        "@circular/exports": "0.1.0",
        "@circular/generator": "0.1.0",
        "@circular/protocol": "0.1.0",
        "@circular/specs": "0.1.0"
      },
      "bin": {
        "circular": "circular.mjs"
      },
      "devDependencies": {
        "typescript": "5.9.3"
      },
      "engines": {
        "node": ">=22"
      }
    },
    "node_modules/@circular/authoring": {
      "resolved": "packages/authoring",
      "link": true
    },
    "node_modules/@circular/client": {
      "resolved": "packages/client",
      "link": true
    },
    "node_modules/@circular/core": {
      "resolved": "packages/core",
      "link": true
    },
    "node_modules/@circular/exports": {
      "resolved": "packages/exports",
      "link": true
    },
    "node_modules/@circular/generator": {
      "resolved": "packages/generator",
      "link": true
    },
    "node_modules/@circular/protocol": {
      "resolved": "packages/protocol",
      "link": true
    },
    "node_modules/@circular/specs": {
      "resolved": "packages/specs",
      "link": true
    },
    "node_modules/typescript": {
      "version": "5.9.3",
      "resolved": "https://registry.npmjs.org/typescript/-/typescript-5.9.3.tgz",
      "integrity": "sha512-jl1vZzPDinLr9eUt3J/t7V6FgNEw9QjvBPdysz9KfQDD41fQrC2Y4vKQdiaUpFT4bXlb1RHhLpp8wtm6M5TgSw==",
      "inBundle": true,
      "license": "Apache-2.0",
      "bin": {
        "tsc": "bin/tsc",
        "tsserver": "bin/tsserver"
      },
      "engines": {
        "node": ">=14.17"
      }
    },
    "packages/authoring": {
      "name": "@circular/authoring",
      "version": "0.1.0",
      "dependencies": {
        "@circular/client": "0.1.0",
        "@circular/core": "0.1.0",
        "@circular/exports": "0.1.0",
        "@circular/generator": "0.1.0",
        "@circular/protocol": "0.1.0",
        "@circular/specs": "0.1.0",
        "typescript": "5.9.3"
      }
    },
    "packages/client": {
      "name": "@circular/client",
      "version": "0.1.0",
      "dependencies": {
        "@circular/protocol": "0.1.0"
      }
    },
    "packages/core": {
      "name": "@circular/core",
      "version": "0.1.0",
      "dependencies": {
        "@circular/protocol": "0.1.0",
        "@circular/specs": "0.1.0"
      }
    },
    "packages/exports": {
      "name": "@circular/exports",
      "version": "0.1.0",
      "dependencies": {
        "@circular/core": "0.1.0",
        "@circular/protocol": "0.1.0"
      }
    },
    "packages/generator": {
      "name": "@circular/generator",
      "version": "0.1.0",
      "dependencies": {
        "@circular/core": "0.1.0",
        "@circular/exports": "0.1.0",
        "@circular/protocol": "0.1.0",
        "@circular/specs": "0.1.0"
      }
    },
    "packages/protocol": {
      "name": "@circular/protocol",
      "version": "0.1.0"
    },
    "packages/specs": {
      "name": "@circular/specs",
      "version": "0.1.0",
      "dependencies": {
        "@circular/protocol": "0.1.0"
      }
    }
  }
}
